
Microsoft Visual Studio Solution File, Format Version 12.00
# Visual Studio 15
VisualStudioVersion = 15.0.28010.2036
MinimumVisualStudioVersion = 10.0.40219.1
Project("{FAE04EC0-301F-11D3-BF4B-00C04F79EFBC}") = "App1_ConsultarCEP.Android", "App1_ConsultarCEP\App1_ConsultarCEP.Android\App1_ConsultarCEP.Android.csproj", "{5EB76F33-3986-4113-8CB1-633A476AFA37}"
EndProject
Project("{FAE04EC0-301F-11D3-BF4B-00C04F79EFBC}") = "App1_ConsultarCEP.iOS", "App1_ConsultarCEP\App1_ConsultarCEP.iOS\App1_ConsultarCEP.iOS.csproj", "{E0BCD8A8-9347-4CD2-9308-93373D7730CE}"
EndProject
Project("{FAE04EC0-301F-11D3-BF4B-00C04F79EFBC}") = "App1_ConsultarCEP.UWP", "App1_ConsultarCEP\App1_ConsultarCEP.UWP\App1_ConsultarCEP.UWP.csproj", "{BB0207E4-EE59-44E5-85A5-4B7F87E3A90C}"
EndProject
Project("{FAE04EC0-301F-11D3-BF4B-00C04F79EFBC}") = "App1_ConsultarCEP", "App1_ConsultarCEP\App1_ConsultarCEP\App1_ConsultarCEP.csproj", "{D629F8F1-4344-4481-A9A3-275BD70FFA93}"
EndProject
Global
	GlobalSection(SolutionConfigurationPlatforms) = preSolution
		Ad-Hoc|Any CPU = Ad-Hoc|Any CPU
		Ad-Hoc|ARM = Ad-Hoc|ARM
		Ad-Hoc|iPhone = Ad-Hoc|iPhone
		Ad-Hoc|iPhoneSimulator = Ad-Hoc|iPhoneSimulator
		Ad-Hoc|x64 = Ad-Hoc|x64
		Ad-Hoc|x86 = Ad-Hoc|x86
		AppStore|Any CPU = AppStore|Any CPU
		AppStore|ARM = AppStore|ARM
		AppStore|iPhone = AppStore|iPhone
		AppStore|iPhoneSimulator = AppStore|iPhoneSimulator
		AppStore|x64 = AppStore|x64
		AppStore|x86 = AppStore|x86
		Debug|Any CPU = Debug|Any CPU
		Debug|ARM = Debug|ARM
		Debug|iPhone = Debug|iPhone
		Debug|iPhoneSimulator = Debug|iPhoneSimulator
		Debug|x64 = Debug|x64
		Debug|x86 = Debug|x86
		Release|Any CPU = Release|Any CPU
		Release|ARM = Release|ARM
		Release|iPhone = Release|iPhone
		Release|iPhoneSimulator = Release|iPhoneSimulator
		Release|x64 = Release|x64
		Release|x86 = Release|x86
	EndGlobalSection
	GlobalSection(ProjectConfigurationPlatforms) = postSolution
		{5EB76F33-3986-4113-8CB1-633A476AFA37}.Ad-Hoc|Any CPU.ActiveCfg = Release|Any CPU
		{5EB76F33-3986-4113-8CB1-633A476AFA37}.Ad-Hoc|Any CPU.Build.0 = Release|Any CPU
		{5EB76F33-3986-4113-8CB1-633A476AFA37}.Ad-Hoc|Any CPU.Deploy.0 = Release|Any CPU
		{5EB76F33-3986-4113-8CB1-633A476AFA37}.Ad-Hoc|ARM.ActiveCfg = Release|Any CPU
		{5EB76F33-3986-4113-8CB1-633A476AFA37}.Ad-Hoc|ARM.Build.0 = Release|Any CPU
		{5EB76F33-3986-4113-8CB1-633A476AFA37}.Ad-Hoc|ARM.Deploy.0 = Release|Any CPU
		{5EB76F33-3986-4113-8CB1-633A476AFA37}.Ad-Hoc|iPhone.ActiveCfg = Release|Any CPU
		{5EB76F33-3986-4113-8CB1-633A476AFA37}.Ad-Hoc|iPhone.Build.0 = Release|Any CPU
		{5EB76F33-3986-4113-8CB1-633A476AFA37}.Ad-Hoc|iPhone.Deploy.0 = Release|Any CPU
		{5EB76F33-3986-4113-8CB1-633A476AFA37}.Ad-Hoc|iPhoneSimulator.ActiveCfg = Release|Any CPU
		{5EB76F33-3986-4113-8CB1-633A476AFA37}.Ad-Hoc|iPhoneSimulator.Build.0 = Release|Any CPU
		{5EB76F33-3986-4113-8CB1-633A476AFA37}.Ad-Hoc|iPhoneSimulator.Deploy.0 = Release|Any CPU
		{5EB76F33-3986-4113-8CB1-633A476AFA37}.Ad-Hoc|x64.ActiveCfg = Release|Any CPU
		{5EB76F33-3986-4113-8CB1-633A476AFA37}.Ad-Hoc|x64.Build.0 = Release|Any CPU
		{5EB76F33-3986-4113-8CB1-633A476AFA37}.Ad-Hoc|x64.Deploy.0 = Release|Any CPU
		{5EB76F33-3986-4113-8CB1-633A476AFA37}.Ad-Hoc|x86.ActiveCfg = Release|Any CPU
		{5EB76F33-3986-4113-8CB1-633A476AFA37}.Ad-Hoc|x86.Build.0 = Release|Any CPU
		{5EB76F33-3986-4113-8CB1-633A476AFA37}.Ad-Hoc|x86.Deploy.0 = Release|Any CPU
		{5EB76F33-3986-4113-8CB1-633A476AFA37}.AppStore|Any CPU.ActiveCfg = Release|Any CPU
		{5EB76F33-3986-4113-8CB1-633A476AFA37}.AppStore|Any CPU.Build.0 = Release|Any CPU
		{5EB76F33-3986-4113-8CB1-633A476AFA37}.AppStore|Any CPU.Deploy.0 = Release|Any CPU
		{5EB76F33-3986-4113-8CB1-633A476AFA37}.AppStore|ARM.ActiveCfg = Release|Any CPU
		{5EB76F33-3986-4113-8CB1-633A476AFA37}.AppStore|ARM.Build.0 = Release|Any CPU
		{5EB76F33-3986-4113-8CB1-633A476AFA37}.AppStore|ARM.Deploy.0 = Release|Any CPU
		{5EB76F33-3986-4113-8CB1-633A476AFA37}.AppStore|iPhone.ActiveCfg = Release|Any CPU
		{5EB76F33-3986-4113-8CB1-633A476AFA37}.AppStore|iPhone.Build.0 = Release|Any CPU
		{5EB76F33-3986-4113-8CB1-633A476AFA37}.AppStore|iPhone.Deploy.0 = Release|Any CPU
		{5EB76F33-3986-4113-8CB1-633A476AFA37}.AppStore|iPhoneSimulator.ActiveCfg = Release|Any CPU
		{5EB76F33-3986-4113-8CB1-633A476AFA37}.AppStore|iPhoneSimulator.Build.0 = Release|Any CPU
		{5EB76F33-3986-4113-8CB1-633A476AFA37}.AppStore|iPhoneSimulator.Deploy.0 = Release|Any CPU
		{5EB76F33-3986-4113-8CB1-633A476AFA37}.AppStore|x64.ActiveCfg = Release|Any CPU
		{5EB76F33-3986-4113-8CB1-633A476AFA37}.AppStore|x64.Build.0 = Release|Any CPU
		{5EB76F33-3986-4113-8CB1-633A476AFA37}.AppStore|x64.Deploy.0 = Release|Any CPU
		{5EB76F33-3986-4113-8CB1-633A476AFA37}.AppStore|x86.ActiveCfg = Release|Any CPU
		{5EB76F33-3986-4113-8CB1-633A476AFA37}.AppStore|x86.Build.0 = Release|Any CPU
		{5EB76F33-3986-4113-8CB1-633A476AFA37}.AppStore|x86.Deploy.0 = Release|Any CPU
		{5EB76F33-3986-4113-8CB1-633A476AFA37}.Debug|Any CPU.ActiveCfg = Debug|Any CPU
		{5EB76F33-3986-4113-8CB1-633A476AFA37}.Debug|Any CPU.Build.0 = Debug|Any CPU
		{5EB76F33-3986-4113-8CB1-633A476AFA37}.Debug|Any CPU.Deploy.0 = Debug|Any CPU
		{5EB76F33-3986-4113-8CB1-633A476AFA37}.Debug|ARM.ActiveCfg = Debug|Any CPU
		{5EB76F33-3986-4113-8CB1-633A476AFA37}.Debug|ARM.Build.0 = Debug|Any CPU
		{5EB76F33-3986-4113-8CB1-633A476AFA37}.Debug|ARM.Deploy.0 = Debug|Any CPU
		{5EB76F33-3986-4113-8CB1-633A476AFA37}.Debug|iPhone.ActiveCfg = Debug|Any CPU
		{5EB76F33-3986-4113-8CB1-633A476AFA37}.Debug|iPhone.Build.0 = Debug|Any CPU
		{5EB76F33-3986-4113-8CB1-633A476AFA37}.Debug|iPhone.Deploy.0 = Debug|Any CPU
		{5EB76F33-3986-4113-8CB1-633A476AFA37}.Debug|iPhoneSimulator.ActiveCfg = Debug|Any CPU
		{5EB76F33-3986-4113-8CB1-633A476AFA37}.Debug|iPhoneSimulator.Build.0 = Debug|Any CPU
		{5EB76F33-3986-4113-8CB1-633A476AFA37}.Debug|iPhoneSimulator.Deploy.0 = Debug|Any CPU
		{5EB76F33-3986-4113-8CB1-633A476AFA37}.Debug|x64.ActiveCfg = Debug|Any CPU
		{5EB76F33-3986-4113-8CB1-633A476AFA37}.Debug|x64.Build.0 = Debug|Any CPU
		{5EB76F33-3986-4113-8CB1-633A476AFA37}.Debug|x64.Deploy.0 = Debug|Any CPU
		{5EB76F33-3986-4113-8CB1-633A476AFA37}.Debug|x86.ActiveCfg = Debug|Any CPU
		{5EB76F33-3986-4113-8CB1-633A476AFA37}.Debug|x86.Build.0 = Debug|Any CPU
		{5EB76F33-3986-4113-8CB1-633A476AFA37}.Debug|x86.Deploy.0 = Debug|Any CPU
		{5EB76F33-3986-4113-8CB1-633A476AFA37}.Release|Any CPU.ActiveCfg = Release|Any CPU
		{5EB76F33-3986-4113-8CB1-633A476AFA37}.Release|Any CPU.Build.0 = Release|Any CPU
		{5EB76F33-3986-4113-8CB1-633A476AFA37}.Release|Any CPU.Deploy.0 = Release|Any CPU
		{5EB76F33-3986-4113-8CB1-633A476AFA37}.Release|ARM.ActiveCfg = Release|Any CPU
		{5EB76F33-3986-4113-8CB1-633A476AFA37}.Release|ARM.Build.0 = Release|Any CPU
		{5EB76F33-3986-4113-8CB1-633A476AFA37}.Release|ARM.Deploy.0 = Release|Any CPU
		{5EB76F33-3986-4113-8CB1-633A476AFA37}.Release|iPhone.ActiveCfg = Release|Any CPU
		{5EB76F33-3986-4113-8CB1-633A476AFA37}.Release|iPhone.Build.0 = Release|Any CPU
		{5EB76F33-3986-4113-8CB1-633A476AFA37}.Release|iPhone.Deploy.0 = Release|Any CPU
		{5EB76F33-3986-4113-8CB1-633A476AFA37}.Release|iPhoneSimulator.ActiveCfg = Release|Any CPU
		{5EB76F33-3986-4113-8CB1-633A476AFA37}.Release|iPhoneSimulator.Build.0 = Release|Any CPU
		{5EB76F33-3986-4113-8CB1-633A476AFA37}.Release|iPhoneSimulator.Deploy.0 = Release|Any CPU
		{5EB76F33-3986-4113-8CB1-633A476AFA37}.Release|x64.ActiveCfg = Release|Any CPU
		{5EB76F33-3986-4113-8CB1-633A476AFA37}.Release|x64.Build.0 = Release|Any CPU
		{5EB76F33-3986-4113-8CB1-633A476AFA37}.Release|x64.Deploy.0 = Release|Any CPU
		{5EB76F33-3986-4113-8CB1-633A476AFA37}.Release|x86.ActiveCfg = Release|Any CPU
		{5EB76F33-3986-4113-8CB1-633A476AFA37}.Release|x86.Build.0 = Release|Any CPU
		{5EB76F33-3986-4113-8CB1-633A476AFA37}.Release|x86.Deploy.0 = Release|Any CPU
		{E0BCD8A8-9347-4CD2-9308-93373D7730CE}.Ad-Hoc|Any CPU.ActiveCfg = Ad-Hoc|iPhone
		{E0BCD8A8-9347-4CD2-9308-93373D7730CE}.Ad-Hoc|Any CPU.Build.0 = Ad-Hoc|iPhone
		{E0BCD8A8-9347-4CD2-9308-93373D7730CE}.Ad-Hoc|Any CPU.Deploy.0 = Ad-Hoc|iPhone
		{E0BCD8A8-9347-4CD2-9308-93373D7730CE}.Ad-Hoc|ARM.ActiveCfg = Ad-Hoc|iPhone
		{E0BCD8A8-9347-4CD2-9308-93373D7730CE}.Ad-Hoc|ARM.Build.0 = Ad-Hoc|iPhone
		{E0BCD8A8-9347-4CD2-9308-93373D7730CE}.Ad-Hoc|ARM.Deploy.0 = Ad-Hoc|iPhone
		{E0BCD8A8-9347-4CD2-9308-93373D7730CE}.Ad-Hoc|iPhone.ActiveCfg = Ad-Hoc|iPhone
		{E0BCD8A8-9347-4CD2-9308-93373D7730CE}.Ad-Hoc|iPhone.Build.0 = Ad-Hoc|iPhone
		{E0BCD8A8-9347-4CD2-9308-93373D7730CE}.Ad-Hoc|iPhone.Deploy.0 = Ad-Hoc|iPhone
		{E0BCD8A8-9347-4CD2-9308-93373D7730CE}.Ad-Hoc|iPhoneSimulator.ActiveCfg = Ad-Hoc|iPhoneSimulator
		{E0BCD8A8-9347-4CD2-9308-93373D7730CE}.Ad-Hoc|iPhoneSimulator.Build.0 = Ad-Hoc|iPhoneSimulator
		{E0BCD8A8-9347-4CD2-9308-93373D7730CE}.Ad-Hoc|iPhoneSimulator.Deploy.0 = Ad-Hoc|iPhoneSimulator
		{E0BCD8A8-9347-4CD2-9308-93373D7730CE}.Ad-Hoc|x64.ActiveCfg = Ad-Hoc|iPhone
		{E0BCD8A8-9347-4CD2-9308-93373D7730CE}.Ad-Hoc|x64.Build.0 = Ad-Hoc|iPhone
		{E0BCD8A8-9347-4CD2-9308-93373D7730CE}.Ad-Hoc|x64.Deploy.0 = Ad-Hoc|iPhone
		{E0BCD8A8-9347-4CD2-9308-93373D7730CE}.Ad-Hoc|x86.ActiveCfg = Ad-Hoc|iPhone
		{E0BCD8A8-9347-4CD2-9308-93373D7730CE}.Ad-Hoc|x86.Build.0 = Ad-Hoc|iPhone
		{E0BCD8A8-9347-4CD2-9308-93373D7730CE}.Ad-Hoc|x86.Deploy.0 = Ad-Hoc|iPhone
		{E0BCD8A8-9347-4CD2-9308-93373D7730CE}.AppStore|Any CPU.ActiveCfg = AppStore|iPhone
		{E0BCD8A8-9347-4CD2-9308-93373D7730CE}.AppStore|Any CPU.Build.0 = AppStore|iPhone
		{E0BCD8A8-9347-4CD2-9308-93373D7730CE}.AppStore|Any CPU.Deploy.0 = AppStore|iPhone
		{E0BCD8A8-9347-4CD2-9308-93373D7730CE}.AppStore|ARM.ActiveCfg = AppStore|iPhone
		{E0BCD8A8-9347-4CD2-9308-93373D7730CE}.AppStore|ARM.Build.0 = AppStore|iPhone
		{E0BCD8A8-9347-4CD2-9308-93373D7730CE}.AppStore|ARM.Deploy.0 = AppStore|iPhone
		{E0BCD8A8-9347-4CD2-9308-93373D7730CE}.AppStore|iPhone.ActiveCfg = AppStore|iPhone
		{E0BCD8A8-9347-4CD2-9308-93373D7730CE}.AppStore|iPhone.Build.0 = AppStore|iPhone
		{E0BCD8A8-9347-4CD2-9308-93373D7730CE}.AppStore|iPhone.Deploy.0 = AppStore|iPhone
		{E0BCD8A8-9347-4CD2-9308-93373D7730CE}.AppStore|iPhoneSimulator.ActiveCfg = AppStore|iPhoneSimulator
		{E0BCD8A8-9347-4CD2-9308-93373D7730CE}.AppStore|iPhoneSimulator.Build.0 = AppStore|iPhoneSimulator
		{E0BCD8A8-9347-4CD2-9308-93373D7730CE}.AppStore|iPhoneSimulator.Deploy.0 = AppStore|iPhoneSimulator
		{E0BCD8A8-9347-4CD2-9308-93373D7730CE}.AppStore|x64.ActiveCfg = AppStore|iPhone
		{E0BCD8A8-9347-4CD2-9308-93373D7730CE}.AppStore|x64.Build.0 = AppStore|iPhone
		{E0BCD8A8-9347-4CD2-9308-93373D7730CE}.AppStore|x64.Deploy.0 = AppStore|iPhone
		{E0BCD8A8-9347-4CD2-9308-93373D7730CE}.AppStore|x86.ActiveCfg = AppStore|iPhone
		{E0BCD8A8-9347-4CD2-9308-93373D7730CE}.AppStore|x86.Build.0 = AppStore|iPhone
		{E0BCD8A8-9347-4CD2-9308-93373D7730CE}.AppStore|x86.Deploy.0 = AppStore|iPhone
		{E0BCD8A8-9347-4CD2-9308-93373D7730CE}.Debug|Any CPU.ActiveCfg = Debug|iPhoneSimulator
		{E0BCD8A8-9347-4CD2-9308-93373D7730CE}.Debug|Any CPU.Build.0 = Debug|iPhoneSimulator
		{E0BCD8A8-9347-4CD2-9308-93373D7730CE}.Debug|Any CPU.Deploy.0 = Debug|iPhoneSimulator
		{E0BCD8A8-9347-4CD2-9308-93373D7730CE}.Debug|ARM.ActiveCfg = Debug|iPhone
		{E0BCD8A8-9347-4CD2-9308-93373D7730CE}.Debug|ARM.Build.0 = Debug|iPhone
		{E0BCD8A8-9347-4CD2-9308-93373D7730CE}.Debug|ARM.Deploy.0 = Debug|iPhone
		{E0BCD8A8-9347-4CD2-9308-93373D7730CE}.Debug|iPhone.ActiveCfg = Debug|iPhone
		{E0BCD8A8-9347-4CD2-9308-93373D7730CE}.Debug|iPhone.Build.0 = Debug|iPhone
		{E0BCD8A8-9347-4CD2-9308-93373D7730CE}.Debug|iPhone.Deploy.0 = Debug|iPhone
		{E0BCD8A8-9347-4CD2-9308-93373D7730CE}.Debug|iPhoneSimulator.ActiveCfg = Debug|iPhoneSimulator
		{E0BCD8A8-9347-4CD2-9308-93373D7730CE}.Debug|iPhoneSimulator.Build.0 = Debug|iPhoneSimulator
		{E0BCD8A8-9347-4CD2-9308-93373D7730CE}.Debug|iPhoneSimulator.Deploy.0 = Debug|iPhoneSimulator
		{E0BCD8A8-9347-4CD2-9308-93373D7730CE}.Debug|x64.ActiveCfg = Debug|iPhone
		{E0BCD8A8-9347-4CD2-9308-93373D7730CE}.Debug|x64.Build.0 = Debug|iPhone
		{E0BCD8A8-9347-4CD2-9308-93373D7730CE}.Debug|x64.Deploy.0 = Debug|iPhone
		{E0BCD8A8-9347-4CD2-9308-93373D7730CE}.Debug|x86.ActiveCfg = Debug|iPhone
		{E0BCD8A8-9347-4CD2-9308-93373D7730CE}.Debug|x86.Build.0 = Debug|iPhone
		{E0BCD8A8-9347-4CD2-9308-93373D7730CE}.Debug|x86.Deploy.0 = Debug|iPhone
		{E0BCD8A8-9347-4CD2-9308-93373D7730CE}.Release|Any CPU.ActiveCfg = Release|iPhone
		{E0BCD8A8-9347-4CD2-9308-93373D7730CE}.Release|Any CPU.Build.0 = Release|iPhone
		{E0BCD8A8-9347-4CD2-9308-93373D7730CE}.Release|Any CPU.Deploy.0 = Release|iPhone
		{E0BCD8A8-9347-4CD2-9308-93373D7730CE}.Release|ARM.ActiveCfg = Release|iPhone
		{E0BCD8A8-9347-4CD2-9308-93373D7730CE}.Release|ARM.Build.0 = Release|iPhone
		{E0BCD8A8-9347-4CD2-9308-93373D7730CE}.Release|ARM.Deploy.0 = Release|iPhone
		{E0BCD8A8-9347-4CD2-9308-93373D7730CE}.Release|iPhone.ActiveCfg = Release|iPhone
		{E0BCD8A8-9347-4CD2-9308-93373D7730CE}.Release|iPhone.Build.0 = Release|iPhone
		{E0BCD8A8-9347-4CD2-9308-93373D7730CE}.Release|iPhone.Deploy.0 = Release|iPhone
		{E0BCD8A8-9347-4CD2-9308-93373D7730CE}.Release|iPhoneSimulator.ActiveCfg = Release|iPhoneSimulator
		{E0BCD8A8-9347-4CD2-9308-93373D7730CE}.Release|iPhoneSimulator.Build.0 = Release|iPhoneSimulator
		{E0BCD8A8-9347-4CD2-9308-93373D7730CE}.Release|iPhoneSimulator.Deploy.0 = Release|iPhoneSimulator
		{E0BCD8A8-9347-4CD2-9308-93373D7730CE}.Release|x64.ActiveCfg = Release|iPhone
		{E0BCD8A8-9347-4CD2-9308-93373D7730CE}.Release|x64.Build.0 = Release|iPhone
		{E0BCD8A8-9347-4CD2-9308-93373D7730CE}.Release|x64.Deploy.0 = Release|iPhone
		{E0BCD8A8-9347-4CD2-9308-93373D7730CE}.Release|x86.ActiveCfg = Release|iPhone
		{E0BCD8A8-9347-4CD2-9308-93373D7730CE}.Release|x86.Build.0 = Release|iPhone
		{E0BCD8A8-9347-4CD2-9308-93373D7730CE}.Release|x86.Deploy.0 = Release|iPhone
		{BB0207E4-EE59-44E5-85A5-4B7F87E3A90C}.Ad-Hoc|Any CPU.ActiveCfg = Release|x86
		{BB0207E4-EE59-44E5-85A5-4B7F87E3A90C}.Ad-Hoc|Any CPU.Build.0 = Release|x86
		{BB0207E4-EE59-44E5-85A5-4B7F87E3A90C}.Ad-Hoc|Any CPU.Deploy.0 = Release|x86
		{BB0207E4-EE59-44E5-85A5-4B7F87E3A90C}.Ad-Hoc|ARM.ActiveCfg = Release|ARM
		{BB0207E4-EE59-44E5-85A5-4B7F87E3A90C}.Ad-Hoc|ARM.Build.0 = Release|ARM
		{BB0207E4-EE59-44E5-85A5-4B7F87E3A90C}.Ad-Hoc|ARM.Deploy.0 = Release|ARM
		{BB0207E4-EE59-44E5-85A5-4B7F87E3A90C}.Ad-Hoc|iPhone.ActiveCfg = Release|x86
		{BB0207E4-EE59-44E5-85A5-4B7F87E3A90C}.Ad-Hoc|iPhone.Build.0 = Release|x86
		{BB0207E4-EE59-44E5-85A5-4B7F87E3A90C}.Ad-Hoc|iPhone.Deploy.0 = Release|x86
		{BB0207E4-EE59-44E5-85A5-4B7F87E3A90C}.Ad-Hoc|iPhoneSimulator.ActiveCfg = Release|x86
		{BB0207E4-EE59-44E5-85A5-4B7F87E3A90C}.Ad-Hoc|iPhoneSimulator.Build.0 = Release|x86
		{BB0207E4-EE59-44E5-85A5-4B7F87E3A90C}.Ad-Hoc|iPhoneSimulator.Deploy.0 = Release|x86
		{BB0207E4-EE59-44E5-85A5-4B7F87E3A90C}.Ad-Hoc|x64.ActiveCfg = Release|x64
		{BB0207E4-EE59-44E5-85A5-4B7F87E3A90C}.Ad-Hoc|x64.Build.0 = Release|x64
		{BB0207E4-EE59-44E5-85A5-4B7F87E3A90C}.Ad-Hoc|x64.Deploy.0 = Release|x64
		{BB0207E4-EE59-44E5-85A5-4B7F87E3A90C}.Ad-Hoc|x86.ActiveCfg = Release|x86
		{BB0207E4-EE59-44E5-85A5-4B7F87E3A90C}.Ad-Hoc|x86.Build.0 = Release|x86
		{BB0207E4-EE59-44E5-85A5-4B7F87E3A90C}.Ad-Hoc|x86.Deploy.0 = Release|x86
		{BB0207E4-EE59-44E5-85A5-4B7F87E3A90C}.AppStore|Any CPU.ActiveCfg = Release|x86
		{BB0207E4-EE59-44E5-85A5-4B7F87E3A90C}.AppStore|Any CPU.Build.0 = Release|x86
		{BB0207E4-EE59-44E5-85A5-4B7F87E3A90C}.AppStore|Any CPU.Deploy.0 = Release|x86
		{BB0207E4-EE59-44E5-85A5-4B7F87E3A90C}.AppStore|ARM.ActiveCfg = Release|ARM
		{BB0207E4-EE59-44E5-85A5-4B7F87E3A90C}.AppStore|ARM.Build.0 = Release|ARM
		{BB0207E4-EE59-44E5-85A5-4B7F87E3A90C}.AppStore|ARM.Deploy.0 = Release|ARM
		{BB0207E4-EE59-44E5-85A5-4B7F87E3A90C}.AppStore|iPhone.ActiveCfg = Release|x86
		{BB0207E4-EE59-44E5-85A5-4B7F87E3A90C}.AppStore|iPhone.Build.0 = Release|x86
		{BB0207E4-EE59-44E5-85A5-4B7F87E3A90C}.AppStore|iPhone.Deploy.0 = Release|x86
		{BB0207E4-EE59-44E5-85A5-4B7F87E3A90C}.AppStore|iPhoneSimulator.ActiveCfg = Release|x86
		{BB0207E4-EE59-44E5-85A5-4B7F87E3A90C}.AppStore|iPhoneSimulator.Build.0 = Release|x86
		{BB0207E4-EE59-44E5-85A5-4B7F87E3A90C}.AppStore|iPhoneSimulator.Deploy.0 = Release|x86
		{BB0207E4-EE59-44E5-85A5-4B7F87E3A90C}.AppStore|x64.ActiveCfg = Release|x64
		{BB0207E4-EE59-44E5-85A5-4B7F87E3A90C}.AppStore|x64.Build.0 = Release|x64
		{BB0207E4-EE59-44E5-85A5-4B7F87E3A90C}.AppStore|x64.Deploy.0 = Release|x64
		{BB0207E4-EE59-44E5-85A5-4B7F87E3A90C}.AppStore|x86.ActiveCfg = Release|x86
		{BB0207E4-EE59-44E5-85A5-4B7F87E3A90C}.AppStore|x86.Build.0 = Release|x86
		{BB0207E4-EE59-44E5-85A5-4B7F87E3A90C}.AppStore|x86.Deploy.0 = Release|x86
		{BB0207E4-EE59-44E5-85A5-4B7F87E3A90C}.Debug|Any CPU.ActiveCfg = Debug|x86
		{BB0207E4-EE59-44E5-85A5-4B7F87E3A90C}.Debug|Any CPU.Build.0 = Debug|x86
		{BB0207E4-EE59-44E5-85A5-4B7F87E3A90C}.Debug|Any CPU.Deploy.0 = Debug|x86
		{BB0207E4-EE59-44E5-85A5-4B7F87E3A90C}.Debug|ARM.ActiveCfg = Debug|ARM
		{BB0207E4-EE59-44E5-85A5-4B7F87E3A90C}.Debug|ARM.Build.0 = Debug|ARM
		{BB0207E4-EE59-44E5-85A5-4B7F87E3A90C}.Debug|ARM.Deploy.0 = Debug|ARM
		{BB0207E4-EE59-44E5-85A5-4B7F87E3A90C}.Debug|iPhone.ActiveCfg = Debug|x86
		{BB0207E4-EE59-44E5-85A5-4B7F87E3A90C}.Debug|iPhone.Build.0 = Debug|x86
		{BB0207E4-EE59-44E5-85A5-4B7F87E3A90C}.Debug|iPhone.Deploy.0 = Debug|x86
		{BB0207E4-EE59-44E5-85A5-4B7F87E3A90C}.Debug|iPhoneSimulator.ActiveCfg = Debug|x86
		{BB0207E4-EE59-44E5-85A5-4B7F87E3A90C}.Debug|iPhoneSimulator.Build.0 = Debug|x86
		{BB0207E4-EE59-44E5-85A5-4B7F87E3A90C}.Debug|iPhoneSimulator.Deploy.0 = Debug|x86
		{BB0207E4-EE59-44E5-85A5-4B7F87E3A90C}.Debug|x64.ActiveCfg = Debug|x64
		{BB0207E4-EE59-44E5-85A5-4B7F87E3A90C}.Debug|x64.Build.0 = Debug|x64
		{BB0207E4-EE59-44E5-85A5-4B7F87E3A90C}.Debug|x64.Deploy.0 = Debug|x64
		{BB0207E4-EE59-44E5-85A5-4B7F87E3A90C}.Debug|x86.ActiveCfg = Debug|x86
		{BB0207E4-EE59-44E5-85A5-4B7F87E3A90C}.Debug|x86.Build.0 = Debug|x86
		{BB0207E4-EE59-44E5-85A5-4B7F87E3A90C}.Debug|x86.Deploy.0 = Debug|x86
		{BB0207E4-EE59-44E5-85A5-4B7F87E3A90C}.Release|Any CPU.ActiveCfg = Release|x86
		{BB0207E4-EE59-44E5-85A5-4B7F87E3A90C}.Release|Any CPU.Build.0 = Release|x86
		{BB0207E4-EE59-44E5-85A5-4B7F87E3A90C}.Release|Any CPU.Deploy.0 = Release|x86
		{BB0207E4-EE59-44E5-85A5-4B7F87E3A90C}.Release|ARM.ActiveCfg = Release|ARM
		{BB0207E4-EE59-44E5-85A5-4B7F87E3A90C}.Release|ARM.Build.0 = Release|ARM
		{BB0207E4-EE59-44E5-85A5-4B7F87E3A90C}.Release|ARM.Deploy.0 = Release|ARM
		{BB0207E4-EE59-44E5-85A5-4B7F87E3A90C}.Release|iPhone.ActiveCfg = Release|x86
		{BB0207E4-EE59-44E5-85A5-4B7F87E3A90C}.Release|iPhone.Build.0 = Release|x86
		{BB0207E4-EE59-44E5-85A5-4B7F87E3A90C}.Release|iPhone.Deploy.0 = Release|x86
		{BB0207E4-EE59-44E5-85A5-4B7F87E3A90C}.Release|iPhoneSimulator.ActiveCfg = Release|x86
		{BB0207E4-EE59-44E5-85A5-4B7F87E3A90C}.Release|iPhoneSimulator.Build.0 = Release|x86
		{BB0207E4-EE59-44E5-85A5-4B7F87E3A90C}.Release|iPhoneSimulator.Deploy.0 = Release|x86
		{BB0207E4-EE59-44E5-85A5-4B7F87E3A90C}.Release|x64.ActiveCfg = Release|x64
		{BB0207E4-EE59-44E5-85A5-4B7F87E3A90C}.Release|x64.Build.0 = Release|x64
		{BB0207E4-EE59-44E5-85A5-4B7F87E3A90C}.Release|x64.Deploy.0 = Release|x64
		{BB0207E4-EE59-44E5-85A5-4B7F87E3A90C}.Release|x86.ActiveCfg = Release|x86
		{BB0207E4-EE59-44E5-85A5-4B7F87E3A90C}.Release|x86.Build.0 = Release|x86
		{BB0207E4-EE59-44E5-85A5-4B7F87E3A90C}.Release|x86.Deploy.0 = Release|x86
		{D629F8F1-4344-4481-A9A3-275BD70FFA93}.Ad-Hoc|Any CPU.ActiveCfg = Debug|Any CPU
		{D629F8F1-4344-4481-A9A3-275BD70FFA93}.Ad-Hoc|Any CPU.Build.0 = Debug|Any CPU
		{D629F8F1-4344-4481-A9A3-275BD70FFA93}.Ad-Hoc|Any CPU.Deploy.0 = Debug|Any CPU
		{D629F8F1-4344-4481-A9A3-275BD70FFA93}.Ad-Hoc|ARM.ActiveCfg = Debug|Any CPU
		{D629F8F1-4344-4481-A9A3-275BD70FFA93}.Ad-Hoc|ARM.Build.0 = Debug|Any CPU
		{D629F8F1-4344-4481-A9A3-275BD70FFA93}.Ad-Hoc|ARM.Deploy.0 = Debug|Any CPU
		{D629F8F1-4344-4481-A9A3-275BD70FFA93}.Ad-Hoc|iPhone.ActiveCfg = Debug|Any CPU
		{D629F8F1-4344-4481-A9A3-275BD70FFA93}.Ad-Hoc|iPhone.Build.0 = Debug|Any CPU
		{D629F8F1-4344-4481-A9A3-275BD70FFA93}.Ad-Hoc|iPhone.Deploy.0 = Debug|Any CPU
		{D629F8F1-4344-4481-A9A3-275BD70FFA93}.Ad-Hoc|iPhoneSimulator.ActiveCfg = Debug|Any CPU
		{D629F8F1-4344-4481-A9A3-275BD70FFA93}.Ad-Hoc|iPhoneSimulator.Build.0 = Debug|Any CPU
		{D629F8F1-4344-4481-A9A3-275BD70FFA93}.Ad-Hoc|iPhoneSimulator.Deploy.0 = Debug|Any CPU
		{D629F8F1-4344-4481-A9A3-275BD70FFA93}.Ad-Hoc|x64.ActiveCfg = Debug|Any CPU
		{D629F8F1-4344-4481-A9A3-275BD70FFA93}.Ad-Hoc|x64.Build.0 = Debug|Any CPU
		{D629F8F1-4344-4481-A9A3-275BD70FFA93}.Ad-Hoc|x64.Deploy.0 = Debug|Any CPU
		{D629F8F1-4344-4481-A9A3-275BD70FFA93}.Ad-Hoc|x86.ActiveCfg = Debug|Any CPU
		{D629F8F1-4344-4481-A9A3-275BD70FFA93}.Ad-Hoc|x86.Build.0 = Debug|Any CPU
		{D629F8F1-4344-4481-A9A3-275BD70FFA93}.Ad-Hoc|x86.Deploy.0 = Debug|Any CPU
		{D629F8F1-4344-4481-A9A3-275BD70FFA93}.AppStore|Any CPU.ActiveCfg = Debug|Any CPU
		{D629F8F1-4344-4481-A9A3-275BD70FFA93}.AppStore|Any CPU.Build.0 = Debug|Any CPU
		{D629F8F1-4344-4481-A9A3-275BD70FFA93}.AppStore|Any CPU.Deploy.0 = Debug|Any CPU
		{D629F8F1-4344-4481-A9A3-275BD70FFA93}.AppStore|ARM.ActiveCfg = Debug|Any CPU
		{D629F8F1-4344-4481-A9A3-275BD70FFA93}.AppStore|ARM.Build.0 = Debug|Any CPU
		{D629F8F1-4344-4481-A9A3-275BD70FFA93}.AppStore|ARM.Deploy.0 = Debug|Any CPU
		{D629F8F1-4344-4481-A9A3-275BD70FFA93}.AppStore|iPhone.ActiveCfg = Debug|Any CPU
		{D629F8F1-4344-4481-A9A3-275BD70FFA93}.AppStore|iPhone.Build.0 = Debug|Any CPU
		{D629F8F1-4344-4481-A9A3-275BD70FFA93}.AppStore|iPhone.Deploy.0 = Debug|Any CPU
		{D629F8F1-4344-4481-A9A3-275BD70FFA93}.AppStore|iPhoneSimulator.ActiveCfg = Debug|Any CPU
		{D629F8F1-4344-4481-A9A3-275BD70FFA93}.AppStore|iPhoneSimulator.Build.0 = Debug|Any CPU
		{D629F8F1-4344-4481-A9A3-275BD70FFA93}.AppStore|iPhoneSimulator.Deploy.0 = Debug|Any CPU
		{D629F8F1-4344-4481-A9A3-275BD70FFA93}.AppStore|x64.ActiveCfg = Debug|Any CPU
		{D629F8F1-4344-4481-A9A3-275BD70FFA93}.AppStore|x64.Build.0 = Debug|Any CPU
		{D629F8F1-4344-4481-A9A3-275BD70FFA93}.AppStore|x64.Deploy.0 = Debug|Any CPU
		{D629F8F1-4344-4481-A9A3-275BD70FFA93}.AppStore|x86.ActiveCfg = Debug|Any CPU
		{D629F8F1-4344-4481-A9A3-275BD70FFA93}.AppStore|x86.Build.0 = Debug|Any CPU
		{D629F8F1-4344-4481-A9A3-275BD70FFA93}.AppStore|x86.Deploy.0 = Debug|Any CPU
		{D629F8F1-4344-4481-A9A3-275BD70FFA93}.Debug|Any CPU.ActiveCfg = Debug|Any CPU
		{D629F8F1-4344-4481-A9A3-275BD70FFA93}.Debug|Any CPU.Build.0 = Debug|Any CPU
		{D629F8F1-4344-4481-A9A3-275BD70FFA93}.Debug|Any CPU.Deploy.0 = Debug|Any CPU
		{D629F8F1-4344-4481-A9A3-275BD70FFA93}.Debug|ARM.ActiveCfg = Debug|Any CPU
		{D629F8F1-4344-4481-A9A3-275BD70FFA93}.Debug|ARM.Build.0 = Debug|Any CPU
		{D629F8F1-4344-4481-A9A3-275BD70FFA93}.Debug|ARM.Deploy.0 = Debug|Any CPU
		{D629F8F1-4344-4481-A9A3-275BD70FFA93}.Debug|iPhone.ActiveCfg = Debug|Any CPU
		{D629F8F1-4344-4481-A9A3-275BD70FFA93}.Debug|iPhone.Build.0 = Debug|Any CPU
		{D629F8F1-4344-4481-A9A3-275BD70FFA93}.Debug|iPhone.Deploy.0 = Debug|Any CPU
		{D629F8F1-4344-4481-A9A3-275BD70FFA93}.Debug|iPhoneSimulator.ActiveCfg = Debug|Any CPU
		{D629F8F1-4344-4481-A9A3-275BD70FFA93}.Debug|iPhoneSimulator.Build.0 = Debug|Any CPU
		{D629F8F1-4344-4481-A9A3-275BD70FFA93}.Debug|iPhoneSimulator.Deploy.0 = Debug|Any CPU
		{D629F8F1-4344-4481-A9A3-275BD70FFA93}.Debug|x64.ActiveCfg = Debug|Any CPU
		{D629F8F1-4344-4481-A9A3-275BD70FFA93}.Debug|x64.Build.0 = Debug|Any CPU
		{D629F8F1-4344-4481-A9A3-275BD70FFA93}.Debug|x64.Deploy.0 = Debug|Any CPU
		{D629F8F1-4344-4481-A9A3-275BD70FFA93}.Debug|x86.ActiveCfg = Debug|Any CPU
		{D629F8F1-4344-4481-A9A3-275BD70FFA93}.Debug|x86.Build.0 = Debug|Any CPU
		{D629F8F1-4344-4481-A9A3-275BD70FFA93}.Debug|x86.Deploy.0 = Debug|Any CPU
		{D629F8F1-4344-4481-A9A3-275BD70FFA93}.Release|Any CPU.ActiveCfg = Release|Any CPU
		{D629F8F1-4344-4481-A9A3-275BD70FFA93}.Release|Any CPU.Build.0 = Release|Any CPU
		{D629F8F1-4344-4481-A9A3-275BD70FFA93}.Release|Any CPU.Deploy.0 = Release|Any CPU
		{D629F8F1-4344-4481-A9A3-275BD70FFA93}.Release|ARM.ActiveCfg = Release|Any CPU
		{D629F8F1-4344-4481-A9A3-275BD70FFA93}.Release|ARM.Build.0 = Release|Any CPU
		{D629F8F1-4344-4481-A9A3-275BD70FFA93}.Release|ARM.Deploy.0 = Release|Any CPU
		{D629F8F1-4344-4481-A9A3-275BD70FFA93}.Release|iPhone.ActiveCfg = Release|Any CPU
		{D629F8F1-4344-4481-A9A3-275BD70FFA93}.Release|iPhone.Build.0 = Release|Any CPU
		{D629F8F1-4344-4481-A9A3-275BD70FFA93}.Release|iPhone.Deploy.0 = Release|Any CPU
		{D629F8F1-4344-4481-A9A3-275BD70FFA93}.Release|iPhoneSimulator.ActiveCfg = Release|Any CPU
		{D629F8F1-4344-4481-A9A3-275BD70FFA93}.Release|iPhoneSimulator.Build.0 = Release|Any CPU
		{D629F8F1-4344-4481-A9A3-275BD70FFA93}.Release|iPhoneSimulator.Deploy.0 = Release|Any CPU
		{D629F8F1-4344-4481-A9A3-275BD70FFA93}.Release|x64.ActiveCfg = Release|Any CPU
		{D629F8F1-4344-4481-A9A3-275BD70FFA93}.Release|x64.Build.0 = Release|Any CPU
		{D629F8F1-4344-4481-A9A3-275BD70FFA93}.Release|x64.Deploy.0 = Release|Any CPU
		{D629F8F1-4344-4481-A9A3-275BD70FFA93}.Release|x86.ActiveCfg = Release|Any CPU
		{D629F8F1-4344-4481-A9A3-275BD70FFA93}.Release|x86.Build.0 = Release|Any CPU
		{D629F8F1-4344-4481-A9A3-275BD70FFA93}.Release|x86.Deploy.0 = Release|Any CPU
	EndGlobalSection
	GlobalSection(SolutionProperties) = preSolution
		HideSolutionNode = FALSE
	EndGlobalSection
	GlobalSection(ExtensibilityGlobals) = postSolution
		SolutionGuid = {C6B6C3B5-ABD3-413C-9187-03472FBDFA15}
	EndGlobalSection
EndGlobal
